{
  "name": "pyapi",
  "version": "0.0.26",
  "lockfileVersion": 3,
  "requires": true,
  "packages": {
    "": {
      "name": "pyapi",
      "version": "0.0.24",
      "license": "ISC",
      "devDependencies": {
        "@openiap/proto": "github:openiap/proto"
      }
    },
    "node_modules/@openiap/proto": {
      "version": "1.0.0",
      "resolved": "git+ssh://git@github.com/openiap/proto.git#f1c93d789ada56f81201bef64e3c5e366ebfe4f0",
      "dev": true,
      "hasInstallScript": true,
      "license": "ISC"
    }
  }
}
